
Microsoft Visual Studio Solution File, Format Version 12.00
# Visual Studio Version 16
VisualStudioVersion = 16.0.31205.134
MinimumVisualStudioVersion = 10.0.40219.1
Project("{2150E333-8FDC-42A3-9474-1A3956D46DE8}") = "_Solution files", "_Solution files", "{CB3648C8-7A1E-456F-BDD1-9195525D7297}"
EndProject
Project("{2150E333-8FDC-42A3-9474-1A3956D46DE8}") = "Plugins", "Plugins", "{6D5259EA-915F-4E5E-B6DB-46ABF60E7120}"
EndProject
Project("{FAE04EC0-301F-11D3-BF4B-00C04F79EFBC}") = "SuperMemoAssistant.Plugins.MouseoverGuru", "src\SuperMemoAssistant.Plugins.MouseoverGuru\SuperMemoAssistant.Plugins.MouseoverGuru.csproj", "{50BC77E7-587C-4008-9409-DF0235B2C3B7}"
EndProject
Project("{FAE04EC0-301F-11D3-BF4B-00C04F79EFBC}") = "MouseoverPopupInterfaces", "..\MouseoverPopupInterfaces\MouseoverPopupInterfaces.csproj", "{9E31C6FE-1D51-4EB9-B5E4-6749D5134695}"
EndProject
Global
	GlobalSection(SolutionConfigurationPlatforms) = preSolution
		1. Alpha (Debug)|Any CPU = 1. Alpha (Debug)|Any CPU
		2. Beta (Release)|Any CPU = 2. Beta (Release)|Any CPU
		3. Stable (Release)|Any CPU = 3. Stable (Release)|Any CPU
		Debug|Any CPU = Debug|Any CPU
		Release|Any CPU = Release|Any CPU
	EndGlobalSection
	GlobalSection(ProjectConfigurationPlatforms) = postSolution
		{50BC77E7-587C-4008-9409-DF0235B2C3B7}.1. Alpha (Debug)|Any CPU.ActiveCfg = Debug|Any CPU
		{50BC77E7-587C-4008-9409-DF0235B2C3B7}.1. Alpha (Debug)|Any CPU.Build.0 = Debug|Any CPU
		{50BC77E7-587C-4008-9409-DF0235B2C3B7}.2. Beta (Release)|Any CPU.ActiveCfg = Release|Any CPU
		{50BC77E7-587C-4008-9409-DF0235B2C3B7}.2. Beta (Release)|Any CPU.Build.0 = Release|Any CPU
		{50BC77E7-587C-4008-9409-DF0235B2C3B7}.3. Stable (Release)|Any CPU.ActiveCfg = Release|Any CPU
		{50BC77E7-587C-4008-9409-DF0235B2C3B7}.3. Stable (Release)|Any CPU.Build.0 = Release|Any CPU
		{50BC77E7-587C-4008-9409-DF0235B2C3B7}.Debug|Any CPU.ActiveCfg = Debug|Any CPU
		{50BC77E7-587C-4008-9409-DF0235B2C3B7}.Debug|Any CPU.Build.0 = Debug|Any CPU
		{50BC77E7-587C-4008-9409-DF0235B2C3B7}.Release|Any CPU.ActiveCfg = Release|Any CPU
		{50BC77E7-587C-4008-9409-DF0235B2C3B7}.Release|Any CPU.Build.0 = Release|Any CPU
		{9E31C6FE-1D51-4EB9-B5E4-6749D5134695}.1. Alpha (Debug)|Any CPU.ActiveCfg = Debug|Any CPU
		{9E31C6FE-1D51-4EB9-B5E4-6749D5134695}.1. Alpha (Debug)|Any CPU.Build.0 = Debug|Any CPU
		{9E31C6FE-1D51-4EB9-B5E4-6749D5134695}.2. Beta (Release)|Any CPU.ActiveCfg = Release|Any CPU
		{9E31C6FE-1D51-4EB9-B5E4-6749D5134695}.2. Beta (Release)|Any CPU.Build.0 = Release|Any CPU
		{9E31C6FE-1D51-4EB9-B5E4-6749D5134695}.3. Stable (Release)|Any CPU.ActiveCfg = Release|Any CPU
		{9E31C6FE-1D51-4EB9-B5E4-6749D5134695}.3. Stable (Release)|Any CPU.Build.0 = Release|Any CPU
		{9E31C6FE-1D51-4EB9-B5E4-6749D5134695}.Debug|Any CPU.ActiveCfg = Debug|Any CPU
		{9E31C6FE-1D51-4EB9-B5E4-6749D5134695}.Debug|Any CPU.Build.0 = Debug|Any CPU
		{9E31C6FE-1D51-4EB9-B5E4-6749D5134695}.Release|Any CPU.ActiveCfg = Release|Any CPU
		{9E31C6FE-1D51-4EB9-B5E4-6749D5134695}.Release|Any CPU.Build.0 = Release|Any CPU
	EndGlobalSection
	GlobalSection(SolutionProperties) = preSolution
		HideSolutionNode = FALSE
	EndGlobalSection
	GlobalSection(NestedProjects) = preSolution
		{50BC77E7-587C-4008-9409-DF0235B2C3B7} = {6D5259EA-915F-4E5E-B6DB-46ABF60E7120}
	EndGlobalSection
	GlobalSection(ExtensibilityGlobals) = postSolution
		SolutionGuid = {330FAED2-8B45-4F56-A56C-D6DEAA9674A5}
	EndGlobalSection
EndGlobal
